
Microsoft Visual Studio Solution File, Format Version 12.00
# Visual Studio Version 17
VisualStudioVersion = 17.3.32922.545
MinimumVisualStudioVersion = 10.0.40219.1
Project("{FAE04EC0-301F-11D3-BF4B-00C04F79EFBC}") = "factorial_ calculation", "factorial_ calculation\factorial_ calculation.csproj", "{C1E05B47-2B93-4CEB-A316-3EC9AC4F4A4A}"
EndProject
Global
	GlobalSection(SolutionConfigurationPlatforms) = preSolution
		Debug|Any CPU = Debug|Any CPU
		Release|Any CPU = Release|Any CPU
	EndGlobalSection
	GlobalSection(ProjectConfigurationPlatforms) = postSolution
		{C1E05B47-2B93-4CEB-A316-3EC9AC4F4A4A}.Debug|Any CPU.ActiveCfg = Debug|Any CPU
		{C1E05B47-2B93-4CEB-A316-3EC9AC4F4A4A}.Debug|Any CPU.Build.0 = Debug|Any CPU
		{C1E05B47-2B93-4CEB-A316-3EC9AC4F4A4A}.Release|Any CPU.ActiveCfg = Release|Any CPU
		{C1E05B47-2B93-4CEB-A316-3EC9AC4F4A4A}.Release|Any CPU.Build.0 = Release|Any CPU
	EndGlobalSection
	GlobalSection(SolutionProperties) = preSolution
		HideSolutionNode = FALSE
	EndGlobalSection
	GlobalSection(ExtensibilityGlobals) = postSolution
		SolutionGuid = {23D7CB1E-AC7D-43C4-AEEB-5525B74C6F4A}
	EndGlobalSection
EndGlobal
